// !$*UTF8*$!
{
	archiveVersion = 1;
	classes = {
	};
	objectVersion = 51;
	objects = {

/* Begin PBXBuildFile section */
		2430142B2308B5C000F6E0E4 /* NewsMainCell.swift in Sources */ = {isa = PBXBuildFile; fileRef = 2430142A2308B5C000F6E0E4 /* NewsMainCell.swift */; };
		2462D21F2487355600547088 /* HelperClasses.swift in Sources */ = {isa = PBXBuildFile; fileRef = 2462D21E2487355600547088 /* HelperClasses.swift */; };
		2462D22224873EB700547088 /* WelcomeViewController.swift in Sources */ = {isa = PBXBuildFile; fileRef = 2462D22124873EB700547088 /* WelcomeViewController.swift */; };
		2462D22424873F8100547088 /* PulseProtocols.swift in Sources */ = {isa = PBXBuildFile; fileRef = 2462D22324873F8100547088 /* PulseProtocols.swift */; };
		2462D226248769AC00547088 /* welcome.txt in Resources */ = {isa = PBXBuildFile; fileRef = 2462D225248769AC00547088 /* welcome.txt */; };
		2464F3912380BDAE004236A1 /* FilterViewController.swift in Sources */ = {isa = PBXBuildFile; fileRef = 2464F3902380BDAE004236A1 /* FilterViewController.swift */; };
		246ADF67246BA6AE00175207 /* PulseExtensions.swift in Sources */ = {isa = PBXBuildFile; fileRef = 246ADF66246BA6AE00175207 /* PulseExtensions.swift */; };
		246ADF69246BD61200175207 /* InitialClassTabBarVC.swift in Sources */ = {isa = PBXBuildFile; fileRef = 246ADF68246BD61200175207 /* InitialClassTabBarVC.swift */; };
		249EA38523B6CF84007B2C95 /* FilterData.swift in Sources */ = {isa = PBXBuildFile; fileRef = 249EA38423B6CF84007B2C95 /* FilterData.swift */; };
		24C96C6723B0C30E006B8642 /* TopicCellView.swift in Sources */ = {isa = PBXBuildFile; fileRef = 24C96C6623B0C30E006B8642 /* TopicCellView.swift */; };
		24C96C6923B0CAF1006B8642 /* TopicCell.swift in Sources */ = {isa = PBXBuildFile; fileRef = 24C96C6823B0CAF1006B8642 /* TopicCell.swift */; };
		24C96C6B23B330CE006B8642 /* CountryCell.swift in Sources */ = {isa = PBXBuildFile; fileRef = 24C96C6A23B330CE006B8642 /* CountryCell.swift */; };
		24C96C6D23B33283006B8642 /* CountriesCellView.swift in Sources */ = {isa = PBXBuildFile; fileRef = 24C96C6C23B33283006B8642 /* CountriesCellView.swift */; };
		24C96C6F23B3F5AF006B8642 /* HeaderCell.swift in Sources */ = {isa = PBXBuildFile; fileRef = 24C96C6E23B3F5AF006B8642 /* HeaderCell.swift */; };
		24E8242322B88141006EAE11 /* AppDelegate.swift in Sources */ = {isa = PBXBuildFile; fileRef = 24E8242222B88141006EAE11 /* AppDelegate.swift */; };
		24E8242522B88141006EAE11 /* MainNewsController.swift in Sources */ = {isa = PBXBuildFile; fileRef = 24E8242422B88141006EAE11 /* MainNewsController.swift */; };
		24E8242822B88141006EAE11 /* Main.storyboard in Resources */ = {isa = PBXBuildFile; fileRef = 24E8242622B88141006EAE11 /* Main.storyboard */; };
		24E8242A22B88145006EAE11 /* Assets.xcassets in Resources */ = {isa = PBXBuildFile; fileRef = 24E8242922B88145006EAE11 /* Assets.xcassets */; };
		24E8242D22B88145006EAE11 /* LaunchScreen.storyboard in Resources */ = {isa = PBXBuildFile; fileRef = 24E8242B22B88145006EAE11 /* LaunchScreen.storyboard */; };
		65A6A02C82253B2351CF8891 /* Pods_pulse.framework in Frameworks */ = {isa = PBXBuildFile; fileRef = 26DC2DD73C83250F9BDA4672 /* Pods_pulse.framework */; };
		8479E1C6243084D30036CAAA /* SavedArticle.swift in Sources */ = {isa = PBXBuildFile; fileRef = 8479E1C5243084D30036CAAA /* SavedArticle.swift */; };
		8479E1C824310E560036CAAA /* SavedViewController.swift in Sources */ = {isa = PBXBuildFile; fileRef = 8479E1C724310E560036CAAA /* SavedViewController.swift */; };
		860115E422E3BE36007FDDE0 /* afronewsapi.swift in Sources */ = {isa = PBXBuildFile; fileRef = 860115E322E3BE36007FDDE0 /* afronewsapi.swift */; };
		86A5EC022308A2040025073F /* Article.swift in Sources */ = {isa = PBXBuildFile; fileRef = 86A5EBFE2308A2030025073F /* Article.swift */; };
		86A5EC032308A2040025073F /* Saved.swift in Sources */ = {isa = PBXBuildFile; fileRef = 86A5EBFF2308A2030025073F /* Saved.swift */; };
		86A5EC042308A2040025073F /* ArticleStore.swift in Sources */ = {isa = PBXBuildFile; fileRef = 86A5EC002308A2030025073F /* ArticleStore.swift */; };
		86A5EC052308A2040025073F /* Filter.swift in Sources */ = {isa = PBXBuildFile; fileRef = 86A5EC012308A2040025073F /* Filter.swift */; };
		AD10DAF7246CF919007D6206 /* WebViewController.swift in Sources */ = {isa = PBXBuildFile; fileRef = AD10DAF6246CF919007D6206 /* WebViewController.swift */; };
		AD10DAF9246CFB42007D6206 /* AboutViewController.swift in Sources */ = {isa = PBXBuildFile; fileRef = AD10DAF8246CFB42007D6206 /* AboutViewController.swift */; };
		ADCD56E22380B7FA0036F41A /* DetailViewController.swift in Sources */ = {isa = PBXBuildFile; fileRef = ADCD56E12380B7FA0036F41A /* DetailViewController.swift */; };
		ADDC71DF23F087A8004ABEA7 /* countries.txt in Resources */ = {isa = PBXBuildFile; fileRef = ADDC71DE23F087A8004ABEA7 /* countries.txt */; };
		ADE7F335248DF71E0080B3E1 /* TrackerViewController.swift in Sources */ = {isa = PBXBuildFile; fileRef = ADE7F334248DF71E0080B3E1 /* TrackerViewController.swift */; };
		ADE7F337248DF9AC0080B3E1 /* TrackerCountryModel.swift in Sources */ = {isa = PBXBuildFile; fileRef = ADE7F336248DF9AC0080B3E1 /* TrackerCountryModel.swift */; };
		ADE7F339248DFA2B0080B3E1 /* TrackerLastestModel.swift in Sources */ = {isa = PBXBuildFile; fileRef = ADE7F338248DFA2B0080B3E1 /* TrackerLastestModel.swift */; };
		E3D016B524678EB500438683 /* storage.swift in Sources */ = {isa = PBXBuildFile; fileRef = E3D016B424678EB500438683 /* storage.swift */; };
/* End PBXBuildFile section */

/* Begin PBXFileReference section */
		2430142A2308B5C000F6E0E4 /* NewsMainCell.swift */ = {isa = PBXFileReference; lastKnownFileType = sourcecode.swift; path = NewsMainCell.swift; sourceTree = "<group>"; };
		2462D21E2487355600547088 /* HelperClasses.swift */ = {isa = PBXFileReference; lastKnownFileType = sourcecode.swift; path = HelperClasses.swift; sourceTree = "<group>"; };
		2462D22124873EB700547088 /* WelcomeViewController.swift */ = {isa = PBXFileReference; lastKnownFileType = sourcecode.swift; path = WelcomeViewController.swift; sourceTree = "<group>"; };
		2462D22324873F8100547088 /* PulseProtocols.swift */ = {isa = PBXFileReference; lastKnownFileType = sourcecode.swift; path = PulseProtocols.swift; sourceTree = "<group>"; };
		2462D225248769AC00547088 /* welcome.txt */ = {isa = PBXFileReference; fileEncoding = 4; lastKnownFileType = text; path = welcome.txt; sourceTree = "<group>"; };
		2464F3902380BDAE004236A1 /* FilterViewController.swift */ = {isa = PBXFileReference; lastKnownFileType = sourcecode.swift; path = FilterViewController.swift; sourceTree = "<group>"; };
		246ADF66246BA6AE00175207 /* PulseExtensions.swift */ = {isa = PBXFileReference; lastKnownFileType = sourcecode.swift; path = PulseExtensions.swift; sourceTree = "<group>"; };
		246ADF68246BD61200175207 /* InitialClassTabBarVC.swift */ = {isa = PBXFileReference; lastKnownFileType = sourcecode.swift; path = InitialClassTabBarVC.swift; sourceTree = "<group>"; };
		249EA38423B6CF84007B2C95 /* FilterData.swift */ = {isa = PBXFileReference; lastKnownFileType = sourcecode.swift; path = FilterData.swift; sourceTree = "<group>"; };
		24C96C6623B0C30E006B8642 /* TopicCellView.swift */ = {isa = PBXFileReference; lastKnownFileType = sourcecode.swift; path = TopicCellView.swift; sourceTree = "<group>"; };
		24C96C6823B0CAF1006B8642 /* TopicCell.swift */ = {isa = PBXFileReference; lastKnownFileType = sourcecode.swift; path = TopicCell.swift; sourceTree = "<group>"; };
		24C96C6A23B330CE006B8642 /* CountryCell.swift */ = {isa = PBXFileReference; fileEncoding = 4; lastKnownFileType = sourcecode.swift; path = CountryCell.swift; sourceTree = "<group>"; };
		24C96C6C23B33283006B8642 /* CountriesCellView.swift */ = {isa = PBXFileReference; fileEncoding = 4; lastKnownFileType = sourcecode.swift; path = CountriesCellView.swift; sourceTree = "<group>"; };
		24C96C6E23B3F5AF006B8642 /* HeaderCell.swift */ = {isa = PBXFileReference; fileEncoding = 4; lastKnownFileType = sourcecode.swift; path = HeaderCell.swift; sourceTree = "<group>"; };
		24E8241F22B88141006EAE11 /* pulse.app */ = {isa = PBXFileReference; explicitFileType = wrapper.application; includeInIndex = 0; path = pulse.app; sourceTree = BUILT_PRODUCTS_DIR; };
		24E8242222B88141006EAE11 /* AppDelegate.swift */ = {isa = PBXFileReference; lastKnownFileType = sourcecode.swift; path = AppDelegate.swift; sourceTree = "<group>"; };
		24E8242422B88141006EAE11 /* MainNewsController.swift */ = {isa = PBXFileReference; lastKnownFileType = sourcecode.swift; path = MainNewsController.swift; sourceTree = "<group>"; };
		24E8242722B88141006EAE11 /* Base */ = {isa = PBXFileReference; lastKnownFileType = file.storyboard; name = Base; path = Base.lproj/Main.storyboard; sourceTree = "<group>"; };
		24E8242922B88145006EAE11 /* Assets.xcassets */ = {isa = PBXFileReference; lastKnownFileType = folder.assetcatalog; path = Assets.xcassets; sourceTree = "<group>"; };
		24E8242C22B88145006EAE11 /* Base */ = {isa = PBXFileReference; lastKnownFileType = file.storyboard; name = Base; path = Base.lproj/LaunchScreen.storyboard; sourceTree = "<group>"; };
		24E8242E22B88145006EAE11 /* Info.plist */ = {isa = PBXFileReference; lastKnownFileType = text.plist.xml; path = Info.plist; sourceTree = "<group>"; };
		24FB0CF7245D733D0013505A /* pulse.entitlements */ = {isa = PBXFileReference; lastKnownFileType = text.plist.entitlements; path = pulse.entitlements; sourceTree = "<group>"; };
		26DC2DD73C83250F9BDA4672 /* Pods_pulse.framework */ = {isa = PBXFileReference; explicitFileType = wrapper.framework; includeInIndex = 0; path = Pods_pulse.framework; sourceTree = BUILT_PRODUCTS_DIR; };
		749323A62DDD778C20635586 /* Pods-pulse.release.xcconfig */ = {isa = PBXFileReference; includeInIndex = 1; lastKnownFileType = text.xcconfig; name = "Pods-pulse.release.xcconfig"; path = "Target Support Files/Pods-pulse/Pods-pulse.release.xcconfig"; sourceTree = "<group>"; };
		8479E1C5243084D30036CAAA /* SavedArticle.swift */ = {isa = PBXFileReference; lastKnownFileType = sourcecode.swift; path = SavedArticle.swift; sourceTree = "<group>"; };
		8479E1C724310E560036CAAA /* SavedViewController.swift */ = {isa = PBXFileReference; lastKnownFileType = sourcecode.swift; path = SavedViewController.swift; sourceTree = "<group>"; };
		860115E322E3BE36007FDDE0 /* afronewsapi.swift */ = {isa = PBXFileReference; lastKnownFileType = sourcecode.swift; path = afronewsapi.swift; sourceTree = "<group>"; };
		86A5EBFE2308A2030025073F /* Article.swift */ = {isa = PBXFileReference; fileEncoding = 4; lastKnownFileType = sourcecode.swift; path = Article.swift; sourceTree = "<group>"; };
		86A5EBFF2308A2030025073F /* Saved.swift */ = {isa = PBXFileReference; fileEncoding = 4; lastKnownFileType = sourcecode.swift; path = Saved.swift; sourceTree = "<group>"; };
		86A5EC002308A2030025073F /* ArticleStore.swift */ = {isa = PBXFileReference; fileEncoding = 4; lastKnownFileType = sourcecode.swift; path = ArticleStore.swift; sourceTree = "<group>"; };
		86A5EC012308A2040025073F /* Filter.swift */ = {isa = PBXFileReference; fileEncoding = 4; lastKnownFileType = sourcecode.swift; path = Filter.swift; sourceTree = "<group>"; };
		AD10DAF6246CF919007D6206 /* WebViewController.swift */ = {isa = PBXFileReference; fileEncoding = 4; lastKnownFileType = sourcecode.swift; path = WebViewController.swift; sourceTree = "<group>"; };
		AD10DAF8246CFB42007D6206 /* AboutViewController.swift */ = {isa = PBXFileReference; fileEncoding = 4; lastKnownFileType = sourcecode.swift; path = AboutViewController.swift; sourceTree = "<group>"; };
		ADCD56E12380B7FA0036F41A /* DetailViewController.swift */ = {isa = PBXFileReference; lastKnownFileType = sourcecode.swift; path = DetailViewController.swift; sourceTree = "<group>"; };
		ADDC71DE23F087A8004ABEA7 /* countries.txt */ = {isa = PBXFileReference; fileEncoding = 4; lastKnownFileType = text; path = countries.txt; sourceTree = "<group>"; };
		ADE7F334248DF71E0080B3E1 /* TrackerViewController.swift */ = {isa = PBXFileReference; lastKnownFileType = sourcecode.swift; path = TrackerViewController.swift; sourceTree = "<group>"; };
		ADE7F336248DF9AC0080B3E1 /* TrackerCountryModel.swift */ = {isa = PBXFileReference; lastKnownFileType = sourcecode.swift; path = TrackerCountryModel.swift; sourceTree = "<group>"; };
		ADE7F338248DFA2B0080B3E1 /* TrackerLastestModel.swift */ = {isa = PBXFileReference; lastKnownFileType = sourcecode.swift; path = TrackerLastestModel.swift; sourceTree = "<group>"; };
		CA129DAA17C6A994EA2CC8CA /* Pods-pulse.debug.xcconfig */ = {isa = PBXFileReference; includeInIndex = 1; lastKnownFileType = text.xcconfig; name = "Pods-pulse.debug.xcconfig"; path = "Target Support Files/Pods-pulse/Pods-pulse.debug.xcconfig"; sourceTree = "<group>"; };
		E3D016B424678EB500438683 /* storage.swift */ = {isa = PBXFileReference; lastKnownFileType = sourcecode.swift; path = storage.swift; sourceTree = "<group>"; };
/* End PBXFileReference section */

/* Begin PBXFrameworksBuildPhase section */
		24E8241C22B88140006EAE11 /* Frameworks */ = {
			isa = PBXFrameworksBuildPhase;
			buildActionMask = 2147483647;
			files = (
				65A6A02C82253B2351CF8891 /* Pods_pulse.framework in Frameworks */,
			);
			runOnlyForDeploymentPostprocessing = 0;
		};
/* End PBXFrameworksBuildPhase section */

/* Begin PBXGroup section */
		2462D22024873E6A00547088 /* Cells */ = {
			isa = PBXGroup;
			children = (
				2430142A2308B5C000F6E0E4 /* NewsMainCell.swift */,
				24C96C6623B0C30E006B8642 /* TopicCellView.swift */,
				24C96C6C23B33283006B8642 /* CountriesCellView.swift */,
				24C96C6823B0CAF1006B8642 /* TopicCell.swift */,
				24C96C6A23B330CE006B8642 /* CountryCell.swift */,
				24C96C6E23B3F5AF006B8642 /* HeaderCell.swift */,
			);
			path = Cells;
			sourceTree = "<group>";
		};
		24E8241622B88140006EAE11 = {
			isa = PBXGroup;
			children = (
				24E8242122B88141006EAE11 /* pulse */,
				24E8242022B88141006EAE11 /* Products */,
				D2A1965049D2FB7D1EE2DE08 /* Pods */,
				2CC2D5D9ED258DA13613AFA5 /* Frameworks */,
			);
			sourceTree = "<group>";
		};
		24E8242022B88141006EAE11 /* Products */ = {
			isa = PBXGroup;
			children = (
				24E8241F22B88141006EAE11 /* pulse.app */,
			);
			name = Products;
			sourceTree = "<group>";
		};
		24E8242122B88141006EAE11 /* pulse */ = {
			isa = PBXGroup;
			children = (
				24FB0CF7245D733D0013505A /* pulse.entitlements */,
				ADDC71DD23F08795004ABEA7 /* SupportFiles */,
				86A3A08722D8328500A8DE84 /* controller */,
				86A3A08622D8328000A8DE84 /* view */,
				86A3A08522D8325300A8DE84 /* model */,
				24E8242E22B88145006EAE11 /* Info.plist */,
				24E8242922B88145006EAE11 /* Assets.xcassets */,
			);
			path = pulse;
			sourceTree = "<group>";
		};
		2CC2D5D9ED258DA13613AFA5 /* Frameworks */ = {
			isa = PBXGroup;
			children = (
				26DC2DD73C83250F9BDA4672 /* Pods_pulse.framework */,
			);
			name = Frameworks;
			sourceTree = "<group>";
		};
		860115E222E3BE12007FDDE0 /* api */ = {
			isa = PBXGroup;
			children = (
				860115E322E3BE36007FDDE0 /* afronewsapi.swift */,
			);
			path = api;
			sourceTree = "<group>";
		};
		86A3A08522D8325300A8DE84 /* model */ = {
			isa = PBXGroup;
			children = (
				86A5EBFE2308A2030025073F /* Article.swift */,
				86A5EC002308A2030025073F /* ArticleStore.swift */,
				86A5EC012308A2040025073F /* Filter.swift */,
				ADE7F336248DF9AC0080B3E1 /* TrackerCountryModel.swift */,
				ADE7F338248DFA2B0080B3E1 /* TrackerLastestModel.swift */,
				249EA38423B6CF84007B2C95 /* FilterData.swift */,
				86A5EBFF2308A2030025073F /* Saved.swift */,
				8479E1C5243084D30036CAAA /* SavedArticle.swift */,
			);
			name = model;
			sourceTree = "<group>";
		};
		86A3A08622D8328000A8DE84 /* view */ = {
			isa = PBXGroup;
			children = (
				24E8242622B88141006EAE11 /* Main.storyboard */,
				24E8242B22B88145006EAE11 /* LaunchScreen.storyboard */,
			);
			path = view;
			sourceTree = "<group>";
		};
		86A3A08722D8328500A8DE84 /* controller */ = {
			isa = PBXGroup;
			children = (
				E3D016B324678E7500438683 /* storage */,
				860115E222E3BE12007FDDE0 /* api */,
				2462D22024873E6A00547088 /* Cells */,
				24E8242222B88141006EAE11 /* AppDelegate.swift */,
				2462D22124873EB700547088 /* WelcomeViewController.swift */,
				246ADF68246BD61200175207 /* InitialClassTabBarVC.swift */,
				ADE7F334248DF71E0080B3E1 /* TrackerViewController.swift */,
				24E8242422B88141006EAE11 /* MainNewsController.swift */,
				8479E1C724310E560036CAAA /* SavedViewController.swift */,
				AD10DAF8246CFB42007D6206 /* AboutViewController.swift */,
				ADCD56E12380B7FA0036F41A /* DetailViewController.swift */,
				2464F3902380BDAE004236A1 /* FilterViewController.swift */,
				AD10DAF6246CF919007D6206 /* WebViewController.swift */,
				246ADF66246BA6AE00175207 /* PulseExtensions.swift */,
				2462D21E2487355600547088 /* HelperClasses.swift */,
				2462D22324873F8100547088 /* PulseProtocols.swift */,
			);
			name = controller;
			sourceTree = "<group>";
		};
		ADDC71DD23F08795004ABEA7 /* SupportFiles */ = {
			isa = PBXGroup;
			children = (
				ADDC71DE23F087A8004ABEA7 /* countries.txt */,
				2462D225248769AC00547088 /* welcome.txt */,
			);
			path = SupportFiles;
			sourceTree = "<group>";
		};
		D2A1965049D2FB7D1EE2DE08 /* Pods */ = {
			isa = PBXGroup;
			children = (
				CA129DAA17C6A994EA2CC8CA /* Pods-pulse.debug.xcconfig */,
				749323A62DDD778C20635586 /* Pods-pulse.release.xcconfig */,
			);
			path = Pods;
			sourceTree = "<group>";
		};
		E3D016B324678E7500438683 /* storage */ = {
			isa = PBXGroup;
			children = (
				E3D016B424678EB500438683 /* storage.swift */,
			);
			path = storage;
			sourceTree = "<group>";
		};
/* End PBXGroup section */

/* Begin PBXNativeTarget section */
		24E8241E22B88140006EAE11 /* pulse */ = {
			isa = PBXNativeTarget;
			buildConfigurationList = 24E8243122B88145006EAE11 /* Build configuration list for PBXNativeTarget "pulse" */;
			buildPhases = (
				3BCBB25C2E005C7A9637A90E /* [CP] Check Pods Manifest.lock */,
				24E8241B22B88140006EAE11 /* Sources */,
				24E8241C22B88140006EAE11 /* Frameworks */,
				24E8241D22B88140006EAE11 /* Resources */,
				AD63340D22D8010100F778B7 /* SwiftLint script */,
				EFA35870155DF85DF5937A9F /* [CP] Embed Pods Frameworks */,
			);
			buildRules = (
			);
			dependencies = (
			);
			name = pulse;
			productName = pulse;
			productReference = 24E8241F22B88141006EAE11 /* pulse.app */;
			productType = "com.apple.product-type.application";
		};
/* End PBXNativeTarget section */

/* Begin PBXProject section */
		24E8241722B88140006EAE11 /* Project object */ = {
			isa = PBXProject;
			attributes = {
				LastSwiftUpdateCheck = 1020;
				LastUpgradeCheck = 1020;
				ORGANIZATIONNAME = bdt;
				TargetAttributes = {
					24E8241E22B88140006EAE11 = {
						CreatedOnToolsVersion = 10.2.1;
					};
				};
			};
			buildConfigurationList = 24E8241A22B88140006EAE11 /* Build configuration list for PBXProject "pulse" */;
			compatibilityVersion = "Xcode 9.3";
			developmentRegion = en;
			hasScannedForEncodings = 0;
			knownRegions = (
				en,
				Base,
			);
			mainGroup = 24E8241622B88140006EAE11;
			productRefGroup = 24E8242022B88141006EAE11 /* Products */;
			projectDirPath = "";
			projectRoot = "";
			targets = (
				24E8241E22B88140006EAE11 /* pulse */,
			);
		};
/* End PBXProject section */

/* Begin PBXResourcesBuildPhase section */
		24E8241D22B88140006EAE11 /* Resources */ = {
			isa = PBXResourcesBuildPhase;
			buildActionMask = 2147483647;
			files = (
				24E8242D22B88145006EAE11 /* LaunchScreen.storyboard in Resources */,
				24E8242A22B88145006EAE11 /* Assets.xcassets in Resources */,
				2462D226248769AC00547088 /* welcome.txt in Resources */,
				24E8242822B88141006EAE11 /* Main.storyboard in Resources */,
				ADDC71DF23F087A8004ABEA7 /* countries.txt in Resources */,
			);
			runOnlyForDeploymentPostprocessing = 0;
		};
/* End PBXResourcesBuildPhase section */

/* Begin PBXShellScriptBuildPhase section */
		3BCBB25C2E005C7A9637A90E /* [CP] Check Pods Manifest.lock */ = {
			isa = PBXShellScriptBuildPhase;
			buildActionMask = 2147483647;
			files = (
			);
			inputFileListPaths = (
			);
			inputPaths = (
				"${PODS_PODFILE_DIR_PATH}/Podfile.lock",
				"${PODS_ROOT}/Manifest.lock",
			);
			name = "[CP] Check Pods Manifest.lock";
			outputFileListPaths = (
			);
			outputPaths = (
				"$(DERIVED_FILE_DIR)/Pods-pulse-checkManifestLockResult.txt",
			);
			runOnlyForDeploymentPostprocessing = 0;
			shellPath = /bin/sh;
			shellScript = "diff \"${PODS_PODFILE_DIR_PATH}/Podfile.lock\" \"${PODS_ROOT}/Manifest.lock\" > /dev/null\nif [ $? != 0 ] ; then\n    # print error to STDERR\n    echo \"error: The sandbox is not in sync with the Podfile.lock. Run 'pod install' or update your CocoaPods installation.\" >&2\n    exit 1\nfi\n# This output is used by Xcode 'outputs' to avoid re-running this script phase.\necho \"SUCCESS\" > \"${SCRIPT_OUTPUT_FILE_0}\"\n";
			showEnvVarsInLog = 0;
		};
		AD63340D22D8010100F778B7 /* SwiftLint script */ = {
			isa = PBXShellScriptBuildPhase;
			buildActionMask = 2147483647;
			files = (
			);
			inputFileListPaths = (
			);
			inputPaths = (
			);
			name = "SwiftLint script";
			outputFileListPaths = (
			);
			outputPaths = (
			);
			runOnlyForDeploymentPostprocessing = 0;
			shellPath = /bin/sh;
			shellScript = "if which swiftlint >/dev/null; then\nswiftlint\nelse\necho \"warning: SwiftLint not installed, download from https://github.com/realm/SwiftLint\"\nfi\n";
		};
		EFA35870155DF85DF5937A9F /* [CP] Embed Pods Frameworks */ = {
			isa = PBXShellScriptBuildPhase;
			buildActionMask = 2147483647;
			files = (
			);
			inputFileListPaths = (
				"${PODS_ROOT}/Target Support Files/Pods-pulse/Pods-pulse-frameworks-${CONFIGURATION}-input-files.xcfilelist",
			);
			name = "[CP] Embed Pods Frameworks";
			outputFileListPaths = (
				"${PODS_ROOT}/Target Support Files/Pods-pulse/Pods-pulse-frameworks-${CONFIGURATION}-output-files.xcfilelist",
			);
			runOnlyForDeploymentPostprocessing = 0;
			shellPath = /bin/sh;
			shellScript = "\"${PODS_ROOT}/Target Support Files/Pods-pulse/Pods-pulse-frameworks.sh\"\n";
			showEnvVarsInLog = 0;
		};
/* End PBXShellScriptBuildPhase section */

/* Begin PBXSourcesBuildPhase section */
		24E8241B22B88140006EAE11 /* Sources */ = {
			isa = PBXSourcesBuildPhase;
			buildActionMask = 2147483647;
			files = (
				ADCD56E22380B7FA0036F41A /* DetailViewController.swift in Sources */,
				AD10DAF7246CF919007D6206 /* WebViewController.swift in Sources */,
				86A5EC052308A2040025073F /* Filter.swift in Sources */,
				249EA38523B6CF84007B2C95 /* FilterData.swift in Sources */,
				24C96C6923B0CAF1006B8642 /* TopicCell.swift in Sources */,
				86A5EC022308A2040025073F /* Article.swift in Sources */,
				2462D22224873EB700547088 /* WelcomeViewController.swift in Sources */,
				246ADF67246BA6AE00175207 /* PulseExtensions.swift in Sources */,
				24E8242522B88141006EAE11 /* MainNewsController.swift in Sources */,
				ADE7F337248DF9AC0080B3E1 /* TrackerCountryModel.swift in Sources */,
				24C96C6723B0C30E006B8642 /* TopicCellView.swift in Sources */,
				24C96C6D23B33283006B8642 /* CountriesCellView.swift in Sources */,
				24C96C6F23B3F5AF006B8642 /* HeaderCell.swift in Sources */,
				2464F3912380BDAE004236A1 /* FilterViewController.swift in Sources */,
				2462D22424873F8100547088 /* PulseProtocols.swift in Sources */,
				2462D21F2487355600547088 /* HelperClasses.swift in Sources */,
				ADE7F335248DF71E0080B3E1 /* TrackerViewController.swift in Sources */,
				860115E422E3BE36007FDDE0 /* afronewsapi.swift in Sources */,
				8479E1C6243084D30036CAAA /* SavedArticle.swift in Sources */,
				8479E1C824310E560036CAAA /* SavedViewController.swift in Sources */,
				ADE7F339248DFA2B0080B3E1 /* TrackerLastestModel.swift in Sources */,
				24E8242322B88141006EAE11 /* AppDelegate.swift in Sources */,
				24C96C6B23B330CE006B8642 /* CountryCell.swift in Sources */,
				E3D016B524678EB500438683 /* storage.swift in Sources */,
				86A5EC042308A2040025073F /* ArticleStore.swift in Sources */,
				246ADF69246BD61200175207 /* InitialClassTabBarVC.swift in Sources */,
				86A5EC032308A2040025073F /* Saved.swift in Sources */,
				2430142B2308B5C000F6E0E4 /* NewsMainCell.swift in Sources */,
				AD10DAF9246CFB42007D6206 /* AboutViewController.swift in Sources */,
			);
			runOnlyForDeploymentPostprocessing = 0;
		};
/* End PBXSourcesBuildPhase section */

/* Begin PBXVariantGroup section */
		24E8242622B88141006EAE11 /* Main.storyboard */ = {
			isa = PBXVariantGroup;
			children = (
				24E8242722B88141006EAE11 /* Base */,
			);
			name = Main.storyboard;
			sourceTree = "<group>";
		};
		24E8242B22B88145006EAE11 /* LaunchScreen.storyboard */ = {
			isa = PBXVariantGroup;
			children = (
				24E8242C22B88145006EAE11 /* Base */,
			);
			name = LaunchScreen.storyboard;
			sourceTree = "<group>";
		};
/* End PBXVariantGroup section */

/* Begin XCBuildConfiguration section */
		24E8242F22B88145006EAE11 /* Debug */ = {
			isa = XCBuildConfiguration;
			buildSettings = {
				ALWAYS_SEARCH_USER_PATHS = NO;
				CLANG_ANALYZER_NONNULL = YES;
				CLANG_ANALYZER_NUMBER_OBJECT_CONVERSION = YES_AGGRESSIVE;
				CLANG_CXX_LANGUAGE_STANDARD = "gnu++14";
				CLANG_CXX_LIBRARY = "libc++";
				CLANG_ENABLE_MODULES = YES;
				CLANG_ENABLE_OBJC_ARC = YES;
				CLANG_ENABLE_OBJC_WEAK = YES;
				CLANG_WARN_BLOCK_CAPTURE_AUTORELEASING = YES;
				CLANG_WARN_BOOL_CONVERSION = YES;
				CLANG_WARN_COMMA = YES;
				CLANG_WARN_CONSTANT_CONVERSION = YES;
				CLANG_WARN_DEPRECATED_OBJC_IMPLEMENTATIONS = YES;
				CLANG_WARN_DIRECT_OBJC_ISA_USAGE = YES_ERROR;
				CLANG_WARN_DOCUMENTATION_COMMENTS = YES;
				CLANG_WARN_EMPTY_BODY = YES;
				CLANG_WARN_ENUM_CONVERSION = YES;
				CLANG_WARN_INFINITE_RECURSION = YES;
				CLANG_WARN_INT_CONVERSION = YES;
				CLANG_WARN_NON_LITERAL_NULL_CONVERSION = YES;
				CLANG_WARN_OBJC_IMPLICIT_RETAIN_SELF = YES;
				CLANG_WARN_OBJC_LITERAL_CONVERSION = YES;
				CLANG_WARN_OBJC_ROOT_CLASS = YES_ERROR;
				CLANG_WARN_RANGE_LOOP_ANALYSIS = YES;
				CLANG_WARN_STRICT_PROTOTYPES = YES;
				CLANG_WARN_SUSPICIOUS_MOVE = YES;
				CLANG_WARN_UNGUARDED_AVAILABILITY = YES_AGGRESSIVE;
				CLANG_WARN_UNREACHABLE_CODE = YES;
				CLANG_WARN__DUPLICATE_METHOD_MATCH = YES;
				CODE_SIGN_IDENTITY = "iPhone Developer";
				COPY_PHASE_STRIP = NO;
				DEBUG_INFORMATION_FORMAT = dwarf;
				ENABLE_STRICT_OBJC_MSGSEND = YES;
				ENABLE_TESTABILITY = YES;
				GCC_C_LANGUAGE_STANDARD = gnu11;
				GCC_DYNAMIC_NO_PIC = NO;
				GCC_NO_COMMON_BLOCKS = YES;
				GCC_OPTIMIZATION_LEVEL = 0;
				GCC_PREPROCESSOR_DEFINITIONS = (
					"DEBUG=1",
					"$(inherited)",
				);
				GCC_WARN_64_TO_32_BIT_CONVERSION = YES;
				GCC_WARN_ABOUT_RETURN_TYPE = YES_ERROR;
				GCC_WARN_UNDECLARED_SELECTOR = YES;
				GCC_WARN_UNINITIALIZED_AUTOS = YES_AGGRESSIVE;
				GCC_WARN_UNUSED_FUNCTION = YES;
				GCC_WARN_UNUSED_VARIABLE = YES;
				IPHONEOS_DEPLOYMENT_TARGET = 12.2;
				MTL_ENABLE_DEBUG_INFO = INCLUDE_SOURCE;
				MTL_FAST_MATH = YES;
				ONLY_ACTIVE_ARCH = YES;
				SDKROOT = iphoneos;
				SWIFT_ACTIVE_COMPILATION_CONDITIONS = DEBUG;
				SWIFT_OPTIMIZATION_LEVEL = "-Onone";
			};
			name = Debug;
		};
		24E8243022B88145006EAE11 /* Release */ = {
			isa = XCBuildConfiguration;
			buildSettings = {
				ALWAYS_SEARCH_USER_PATHS = NO;
				CLANG_ANALYZER_NONNULL = YES;
				CLANG_ANALYZER_NUMBER_OBJECT_CONVERSION = YES_AGGRESSIVE;
				CLANG_CXX_LANGUAGE_STANDARD = "gnu++14";
				CLANG_CXX_LIBRARY = "libc++";
				CLANG_ENABLE_MODULES = YES;
				CLANG_ENABLE_OBJC_ARC = YES;
				CLANG_ENABLE_OBJC_WEAK = YES;
				CLANG_WARN_BLOCK_CAPTURE_AUTORELEASING = YES;
				CLANG_WARN_BOOL_CONVERSION = YES;
				CLANG_WARN_COMMA = YES;
				CLANG_WARN_CONSTANT_CONVERSION = YES;
				CLANG_WARN_DEPRECATED_OBJC_IMPLEMENTATIONS = YES;
				CLANG_WARN_DIRECT_OBJC_ISA_USAGE = YES_ERROR;
				CLANG_WARN_DOCUMENTATION_COMMENTS = YES;
				CLANG_WARN_EMPTY_BODY = YES;
				CLANG_WARN_ENUM_CONVERSION = YES;
				CLANG_WARN_INFINITE_RECURSION = YES;
				CLANG_WARN_INT_CONVERSION = YES;
				CLANG_WARN_NON_LITERAL_NULL_CONVERSION = YES;
				CLANG_WARN_OBJC_IMPLICIT_RETAIN_SELF = YES;
				CLANG_WARN_OBJC_LITERAL_CONVERSION = YES;
				CLANG_WARN_OBJC_ROOT_CLASS = YES_ERROR;
				CLANG_WARN_RANGE_LOOP_ANALYSIS = YES;
				CLANG_WARN_STRICT_PROTOTYPES = YES;
				CLANG_WARN_SUSPICIOUS_MOVE = YES;
				CLANG_WARN_UNGUARDED_AVAILABILITY = YES_AGGRESSIVE;
				CLANG_WARN_UNREACHABLE_CODE = YES;
				CLANG_WARN__DUPLICATE_METHOD_MATCH = YES;
				CODE_SIGN_IDENTITY = "iPhone Developer";
				COPY_PHASE_STRIP = NO;
				DEBUG_INFORMATION_FORMAT = "dwarf-with-dsym";
				ENABLE_NS_ASSERTIONS = NO;
				ENABLE_STRICT_OBJC_MSGSEND = YES;
				GCC_C_LANGUAGE_STANDARD = gnu11;
				GCC_NO_COMMON_BLOCKS = YES;
				GCC_WARN_64_TO_32_BIT_CONVERSION = YES;
				GCC_WARN_ABOUT_RETURN_TYPE = YES_ERROR;
				GCC_WARN_UNDECLARED_SELECTOR = YES;
				GCC_WARN_UNINITIALIZED_AUTOS = YES_AGGRESSIVE;
				GCC_WARN_UNUSED_FUNCTION = YES;
				GCC_WARN_UNUSED_VARIABLE = YES;
				IPHONEOS_DEPLOYMENT_TARGET = 12.2;
				MTL_ENABLE_DEBUG_INFO = NO;
				MTL_FAST_MATH = YES;
				SDKROOT = iphoneos;
				SWIFT_COMPILATION_MODE = wholemodule;
				SWIFT_OPTIMIZATION_LEVEL = "-O";
				VALIDATE_PRODUCT = YES;
			};
			name = Release;
		};
		24E8243222B88145006EAE11 /* Debug */ = {
			isa = XCBuildConfiguration;
			baseConfigurationReference = CA129DAA17C6A994EA2CC8CA /* Pods-pulse.debug.xcconfig */;
			buildSettings = {
				ASSETCATALOG_COMPILER_APPICON_NAME = AppIcon;
				CODE_SIGN_ENTITLEMENTS = pulse/pulse.entitlements;
				CODE_SIGN_STYLE = Automatic;
				DEVELOPMENT_TEAM = DNT3ZRB35C;
				INFOPLIST_FILE = pulse/Info.plist;
				IPHONEOS_DEPLOYMENT_TARGET = 13.0;
				LD_RUNPATH_SEARCH_PATHS = (
					"$(inherited)",
					"@executable_path/Frameworks",
				);
				MARKETING_VERSION = 1.1;
				PRODUCT_BUNDLE_IDENTIFIER = com.bdt.pulse;
				PRODUCT_NAME = "$(TARGET_NAME)";
				SWIFT_VERSION = 5.0;
				TARGETED_DEVICE_FAMILY = "1,2";
			};
			name = Debug;
		};
		24E8243322B88145006EAE11 /* Release */ = {
			isa = XCBuildConfiguration;
			baseConfigurationReference = 749323A62DDD778C20635586 /* Pods-pulse.release.xcconfig */;
			buildSettings = {
				ASSETCATALOG_COMPILER_APPICON_NAME = AppIcon;
				CODE_SIGN_ENTITLEMENTS = pulse/pulse.entitlements;
				CODE_SIGN_STYLE = Automatic;
				DEVELOPMENT_TEAM = DNT3ZRB35C;
				INFOPLIST_FILE = pulse/Info.plist;
				IPHONEOS_DEPLOYMENT_TARGET = 13.0;
				LD_RUNPATH_SEARCH_PATHS = (
					"$(inherited)",
					"@executable_path/Frameworks",
				);
				MARKETING_VERSION = 1.1;
				PRODUCT_BUNDLE_IDENTIFIER = com.bdt.pulse;
				PRODUCT_NAME = "$(TARGET_NAME)";
				SWIFT_VERSION = 5.0;
				TARGETED_DEVICE_FAMILY = "1,2";
			};
			name = Release;
		};
/* End XCBuildConfiguration section */

/* Begin XCConfigurationList section */
		24E8241A22B88140006EAE11 /* Build configuration list for PBXProject "pulse" */ = {
			isa = XCConfigurationList;
			buildConfigurations = (
				24E8242F22B88145006EAE11 /* Debug */,
				24E8243022B88145006EAE11 /* Release */,
			);
			defaultConfigurationIsVisible = 0;
			defaultConfigurationName = Release;
		};
		24E8243122B88145006EAE11 /* Build configuration list for PBXNativeTarget "pulse" */ = {
			isa = XCConfigurationList;
			buildConfigurations = (
				24E8243222B88145006EAE11 /* Debug */,
				24E8243322B88145006EAE11 /* Release */,
			);
			defaultConfigurationIsVisible = 0;
			defaultConfigurationName = Release;
		};
/* End XCConfigurationList section */
	};
	rootObject = 24E8241722B88140006EAE11 /* Project object */;
}
